{
  "object": {
    "pins": [
      {
        "package": "Apollo",
        "repositoryURL": "https://github.com/Lumyk/apollo-ios.git",
        "state": {
          "branch": null,
          "revision": "b71d8c1b6d6525ff9cadf9ee8018e7b8c12ef449",
          "version": "0.7.1"
        }
      }
    ]
  },
  "version": 1
}
